
Microsoft Visual Studio Solution File, Format Version 12.00
# Visual Studio 15
VisualStudioVersion = 15.0.27130.2026
MinimumVisualStudioVersion = 10.0.40219.1
Project("{FAE04EC0-301F-11D3-BF4B-00C04F79EFBC}") = "XamarinFormsTestApp.Android", "XamarinFormsTestApp\XamarinFormsTestApp.Android\XamarinFormsTestApp.Android.csproj", "{63C3E790-26F4-4C3D-8D76-FE4BF53E4C8B}"
EndProject
Project("{FAE04EC0-301F-11D3-BF4B-00C04F79EFBC}") = "XamarinFormsTestApp.iOS", "XamarinFormsTestApp\XamarinFormsTestApp.iOS\XamarinFormsTestApp.iOS.csproj", "{12030FD6-4140-41FE-AB8F-78A7B236181F}"
EndProject
Project("{D954291E-2A0B-460D-934E-DC6B0785DB48}") = "XamarinFormsTestApp", "XamarinFormsTestApp\XamarinFormsTestApp\XamarinFormsTestApp.shproj", "{EFF95611-B4B8-42A7-97CE-B10B3A70A96B}"
EndProject
Global
	GlobalSection(SharedMSBuildProjectFiles) = preSolution
		XamarinFormsTestApp\XamarinFormsTestApp\XamarinFormsTestApp.projitems*{12030fd6-4140-41fe-ab8f-78a7b236181f}*SharedItemsImports = 4
		XamarinFormsTestApp\XamarinFormsTestApp\XamarinFormsTestApp.projitems*{63c3e790-26f4-4c3d-8d76-fe4bf53e4c8b}*SharedItemsImports = 4
		XamarinFormsTestApp\XamarinFormsTestApp\XamarinFormsTestApp.projitems*{eff95611-b4b8-42a7-97ce-b10b3a70a96b}*SharedItemsImports = 13
	EndGlobalSection
	GlobalSection(SolutionConfigurationPlatforms) = preSolution
		Ad-Hoc|Any CPU = Ad-Hoc|Any CPU
		Ad-Hoc|iPhone = Ad-Hoc|iPhone
		Ad-Hoc|iPhoneSimulator = Ad-Hoc|iPhoneSimulator
		AppStore|Any CPU = AppStore|Any CPU
		AppStore|iPhone = AppStore|iPhone
		AppStore|iPhoneSimulator = AppStore|iPhoneSimulator
		Debug|Any CPU = Debug|Any CPU
		Debug|iPhone = Debug|iPhone
		Debug|iPhoneSimulator = Debug|iPhoneSimulator
		Release|Any CPU = Release|Any CPU
		Release|iPhone = Release|iPhone
		Release|iPhoneSimulator = Release|iPhoneSimulator
	EndGlobalSection
	GlobalSection(ProjectConfigurationPlatforms) = postSolution
		{63C3E790-26F4-4C3D-8D76-FE4BF53E4C8B}.Ad-Hoc|Any CPU.ActiveCfg = Release|Any CPU
		{63C3E790-26F4-4C3D-8D76-FE4BF53E4C8B}.Ad-Hoc|Any CPU.Build.0 = Release|Any CPU
		{63C3E790-26F4-4C3D-8D76-FE4BF53E4C8B}.Ad-Hoc|Any CPU.Deploy.0 = Release|Any CPU
		{63C3E790-26F4-4C3D-8D76-FE4BF53E4C8B}.Ad-Hoc|iPhone.ActiveCfg = Release|Any CPU
		{63C3E790-26F4-4C3D-8D76-FE4BF53E4C8B}.Ad-Hoc|iPhone.Build.0 = Release|Any CPU
		{63C3E790-26F4-4C3D-8D76-FE4BF53E4C8B}.Ad-Hoc|iPhone.Deploy.0 = Release|Any CPU
		{63C3E790-26F4-4C3D-8D76-FE4BF53E4C8B}.Ad-Hoc|iPhoneSimulator.ActiveCfg = Release|Any CPU
		{63C3E790-26F4-4C3D-8D76-FE4BF53E4C8B}.Ad-Hoc|iPhoneSimulator.Build.0 = Release|Any CPU
		{63C3E790-26F4-4C3D-8D76-FE4BF53E4C8B}.Ad-Hoc|iPhoneSimulator.Deploy.0 = Release|Any CPU
		{63C3E790-26F4-4C3D-8D76-FE4BF53E4C8B}.AppStore|Any CPU.ActiveCfg = Release|Any CPU
		{63C3E790-26F4-4C3D-8D76-FE4BF53E4C8B}.AppStore|Any CPU.Build.0 = Release|Any CPU
		{63C3E790-26F4-4C3D-8D76-FE4BF53E4C8B}.AppStore|Any CPU.Deploy.0 = Release|Any CPU
		{63C3E790-26F4-4C3D-8D76-FE4BF53E4C8B}.AppStore|iPhone.ActiveCfg = Release|Any CPU
		{63C3E790-26F4-4C3D-8D76-FE4BF53E4C8B}.AppStore|iPhone.Build.0 = Release|Any CPU
		{63C3E790-26F4-4C3D-8D76-FE4BF53E4C8B}.AppStore|iPhone.Deploy.0 = Release|Any CPU
		{63C3E790-26F4-4C3D-8D76-FE4BF53E4C8B}.AppStore|iPhoneSimulator.ActiveCfg = Release|Any CPU
		{63C3E790-26F4-4C3D-8D76-FE4BF53E4C8B}.AppStore|iPhoneSimulator.Build.0 = Release|Any CPU
		{63C3E790-26F4-4C3D-8D76-FE4BF53E4C8B}.AppStore|iPhoneSimulator.Deploy.0 = Release|Any CPU
		{63C3E790-26F4-4C3D-8D76-FE4BF53E4C8B}.Debug|Any CPU.ActiveCfg = Debug|Any CPU
		{63C3E790-26F4-4C3D-8D76-FE4BF53E4C8B}.Debug|Any CPU.Build.0 = Debug|Any CPU
		{63C3E790-26F4-4C3D-8D76-FE4BF53E4C8B}.Debug|Any CPU.Deploy.0 = Debug|Any CPU
		{63C3E790-26F4-4C3D-8D76-FE4BF53E4C8B}.Debug|iPhone.ActiveCfg = Debug|Any CPU
		{63C3E790-26F4-4C3D-8D76-FE4BF53E4C8B}.Debug|iPhone.Build.0 = Debug|Any CPU
		{63C3E790-26F4-4C3D-8D76-FE4BF53E4C8B}.Debug|iPhone.Deploy.0 = Debug|Any CPU
		{63C3E790-26F4-4C3D-8D76-FE4BF53E4C8B}.Debug|iPhoneSimulator.ActiveCfg = Debug|Any CPU
		{63C3E790-26F4-4C3D-8D76-FE4BF53E4C8B}.Debug|iPhoneSimulator.Build.0 = Debug|Any CPU
		{63C3E790-26F4-4C3D-8D76-FE4BF53E4C8B}.Debug|iPhoneSimulator.Deploy.0 = Debug|Any CPU
		{63C3E790-26F4-4C3D-8D76-FE4BF53E4C8B}.Release|Any CPU.ActiveCfg = Release|Any CPU
		{63C3E790-26F4-4C3D-8D76-FE4BF53E4C8B}.Release|Any CPU.Build.0 = Release|Any CPU
		{63C3E790-26F4-4C3D-8D76-FE4BF53E4C8B}.Release|Any CPU.Deploy.0 = Release|Any CPU
		{63C3E790-26F4-4C3D-8D76-FE4BF53E4C8B}.Release|iPhone.ActiveCfg = Release|Any CPU
		{63C3E790-26F4-4C3D-8D76-FE4BF53E4C8B}.Release|iPhone.Build.0 = Release|Any CPU
		{63C3E790-26F4-4C3D-8D76-FE4BF53E4C8B}.Release|iPhone.Deploy.0 = Release|Any CPU
		{63C3E790-26F4-4C3D-8D76-FE4BF53E4C8B}.Release|iPhoneSimulator.ActiveCfg = Release|Any CPU
		{63C3E790-26F4-4C3D-8D76-FE4BF53E4C8B}.Release|iPhoneSimulator.Build.0 = Release|Any CPU
		{63C3E790-26F4-4C3D-8D76-FE4BF53E4C8B}.Release|iPhoneSimulator.Deploy.0 = Release|Any CPU
		{12030FD6-4140-41FE-AB8F-78A7B236181F}.Ad-Hoc|Any CPU.ActiveCfg = Ad-Hoc|iPhone
		{12030FD6-4140-41FE-AB8F-78A7B236181F}.Ad-Hoc|iPhone.ActiveCfg = Ad-Hoc|iPhone
		{12030FD6-4140-41FE-AB8F-78A7B236181F}.Ad-Hoc|iPhone.Build.0 = Ad-Hoc|iPhone
		{12030FD6-4140-41FE-AB8F-78A7B236181F}.Ad-Hoc|iPhoneSimulator.ActiveCfg = Ad-Hoc|iPhoneSimulator
		{12030FD6-4140-41FE-AB8F-78A7B236181F}.Ad-Hoc|iPhoneSimulator.Build.0 = Ad-Hoc|iPhoneSimulator
		{12030FD6-4140-41FE-AB8F-78A7B236181F}.AppStore|Any CPU.ActiveCfg = AppStore|iPhone
		{12030FD6-4140-41FE-AB8F-78A7B236181F}.AppStore|iPhone.ActiveCfg = AppStore|iPhone
		{12030FD6-4140-41FE-AB8F-78A7B236181F}.AppStore|iPhone.Build.0 = AppStore|iPhone
		{12030FD6-4140-41FE-AB8F-78A7B236181F}.AppStore|iPhoneSimulator.ActiveCfg = AppStore|iPhoneSimulator
		{12030FD6-4140-41FE-AB8F-78A7B236181F}.AppStore|iPhoneSimulator.Build.0 = AppStore|iPhoneSimulator
		{12030FD6-4140-41FE-AB8F-78A7B236181F}.Debug|Any CPU.ActiveCfg = Debug|iPhone
		{12030FD6-4140-41FE-AB8F-78A7B236181F}.Debug|iPhone.ActiveCfg = Debug|iPhone
		{12030FD6-4140-41FE-AB8F-78A7B236181F}.Debug|iPhone.Build.0 = Debug|iPhone
		{12030FD6-4140-41FE-AB8F-78A7B236181F}.Debug|iPhoneSimulator.ActiveCfg = Debug|iPhoneSimulator
		{12030FD6-4140-41FE-AB8F-78A7B236181F}.Debug|iPhoneSimulator.Build.0 = Debug|iPhoneSimulator
		{12030FD6-4140-41FE-AB8F-78A7B236181F}.Release|Any CPU.ActiveCfg = Release|iPhone
		{12030FD6-4140-41FE-AB8F-78A7B236181F}.Release|iPhone.ActiveCfg = Release|iPhone
		{12030FD6-4140-41FE-AB8F-78A7B236181F}.Release|iPhone.Build.0 = Release|iPhone
		{12030FD6-4140-41FE-AB8F-78A7B236181F}.Release|iPhoneSimulator.ActiveCfg = Release|iPhoneSimulator
		{12030FD6-4140-41FE-AB8F-78A7B236181F}.Release|iPhoneSimulator.Build.0 = Release|iPhoneSimulator
	EndGlobalSection
	GlobalSection(SolutionProperties) = preSolution
		HideSolutionNode = FALSE
	EndGlobalSection
	GlobalSection(ExtensibilityGlobals) = postSolution
		SolutionGuid = {5BC6945F-B7FC-4231-B544-3302B4B9C1DB}
	EndGlobalSection
EndGlobal
